
Microsoft Visual Studio Solution File, Format Version 12.00
# Visual Studio Version 16
VisualStudioVersion = 16.0.31911.196
MinimumVisualStudioVersion = 10.0.40219.1
Project("{FAE04EC0-301F-11D3-BF4B-00C04F79EFBC}") = "Entities", "Entities\Entities.csproj", "{23923D7D-8741-4891-A8AA-A136F9825F86}"
EndProject
Project("{FAE04EC0-301F-11D3-BF4B-00C04F79EFBC}") = "DataAccess", "DataAccess\DataAccess.csproj", "{BBC259C1-EEB3-4400-81ED-51A8E023C8D1}"
EndProject
Project("{FAE04EC0-301F-11D3-BF4B-00C04F79EFBC}") = "Core", "Core\Core.csproj", "{DFE0AC77-7397-4E78-9003-6D2C582AE80E}"
EndProject
Project("{FAE04EC0-301F-11D3-BF4B-00C04F79EFBC}") = "Business", "Business\Business.csproj", "{1021A6F2-FA1F-4926-AA49-A04B62E43677}"
EndProject
Project("{FAE04EC0-301F-11D3-BF4B-00C04F79EFBC}") = "WebAPI", "WebAPI\WebAPI.csproj", "{B8F1EF86-0B94-4FC9-9E56-31B120FD5C5F}"
EndProject
Global
	GlobalSection(SolutionConfigurationPlatforms) = preSolution
		Debug|Any CPU = Debug|Any CPU
		Release|Any CPU = Release|Any CPU
	EndGlobalSection
	GlobalSection(ProjectConfigurationPlatforms) = postSolution
		{23923D7D-8741-4891-A8AA-A136F9825F86}.Debug|Any CPU.ActiveCfg = Debug|Any CPU
		{23923D7D-8741-4891-A8AA-A136F9825F86}.Debug|Any CPU.Build.0 = Debug|Any CPU
		{23923D7D-8741-4891-A8AA-A136F9825F86}.Release|Any CPU.ActiveCfg = Release|Any CPU
		{23923D7D-8741-4891-A8AA-A136F9825F86}.Release|Any CPU.Build.0 = Release|Any CPU
		{BBC259C1-EEB3-4400-81ED-51A8E023C8D1}.Debug|Any CPU.ActiveCfg = Debug|Any CPU
		{BBC259C1-EEB3-4400-81ED-51A8E023C8D1}.Debug|Any CPU.Build.0 = Debug|Any CPU
		{BBC259C1-EEB3-4400-81ED-51A8E023C8D1}.Release|Any CPU.ActiveCfg = Release|Any CPU
		{BBC259C1-EEB3-4400-81ED-51A8E023C8D1}.Release|Any CPU.Build.0 = Release|Any CPU
		{DFE0AC77-7397-4E78-9003-6D2C582AE80E}.Debug|Any CPU.ActiveCfg = Debug|Any CPU
		{DFE0AC77-7397-4E78-9003-6D2C582AE80E}.Debug|Any CPU.Build.0 = Debug|Any CPU
		{DFE0AC77-7397-4E78-9003-6D2C582AE80E}.Release|Any CPU.ActiveCfg = Release|Any CPU
		{DFE0AC77-7397-4E78-9003-6D2C582AE80E}.Release|Any CPU.Build.0 = Release|Any CPU
		{1021A6F2-FA1F-4926-AA49-A04B62E43677}.Debug|Any CPU.ActiveCfg = Debug|Any CPU
		{1021A6F2-FA1F-4926-AA49-A04B62E43677}.Debug|Any CPU.Build.0 = Debug|Any CPU
		{1021A6F2-FA1F-4926-AA49-A04B62E43677}.Release|Any CPU.ActiveCfg = Release|Any CPU
		{1021A6F2-FA1F-4926-AA49-A04B62E43677}.Release|Any CPU.Build.0 = Release|Any CPU
		{B8F1EF86-0B94-4FC9-9E56-31B120FD5C5F}.Debug|Any CPU.ActiveCfg = Debug|Any CPU
		{B8F1EF86-0B94-4FC9-9E56-31B120FD5C5F}.Debug|Any CPU.Build.0 = Debug|Any CPU
		{B8F1EF86-0B94-4FC9-9E56-31B120FD5C5F}.Release|Any CPU.ActiveCfg = Release|Any CPU
		{B8F1EF86-0B94-4FC9-9E56-31B120FD5C5F}.Release|Any CPU.Build.0 = Release|Any CPU
	EndGlobalSection
	GlobalSection(SolutionProperties) = preSolution
		HideSolutionNode = FALSE
	EndGlobalSection
	GlobalSection(ExtensibilityGlobals) = postSolution
		SolutionGuid = {C81CFBC5-50D8-416A-B384-7F05940354E1}
	EndGlobalSection
EndGlobal
